
Microsoft Visual Studio Solution File, Format Version 12.00
# Visual Studio Version 17
VisualStudioVersion = 17.5.002.0
MinimumVisualStudioVersion = 10.0.40219.1
Project("{9A19103F-16F7-4668-BE54-9A1E7A4F7556}") = "blog-website-api", "blog-website-api.csproj", "{4F9B2855-3F17-4750-A934-F24A75CB32BA}"
EndProject
Global
	GlobalSection(SolutionConfigurationPlatforms) = preSolution
		Debug|Any CPU = Debug|Any CPU
		Release|Any CPU = Release|Any CPU
	EndGlobalSection
	GlobalSection(ProjectConfigurationPlatforms) = postSolution
		{4F9B2855-3F17-4750-A934-F24A75CB32BA}.Debug|Any CPU.ActiveCfg = Debug|Any CPU
		{4F9B2855-3F17-4750-A934-F24A75CB32BA}.Debug|Any CPU.Build.0 = Debug|Any CPU
		{4F9B2855-3F17-4750-A934-F24A75CB32BA}.Release|Any CPU.ActiveCfg = Release|Any CPU
		{4F9B2855-3F17-4750-A934-F24A75CB32BA}.Release|Any CPU.Build.0 = Release|Any CPU
	EndGlobalSection
	GlobalSection(SolutionProperties) = preSolution
		HideSolutionNode = FALSE
	EndGlobalSection
	GlobalSection(ExtensibilityGlobals) = postSolution
		SolutionGuid = {EA75738E-D4A8-4F3E-B8A3-04FAC5697995}
	EndGlobalSection
EndGlobal
